
Microsoft Visual Studio Solution File, Format Version 12.00
# Visual Studio 2013
VisualStudioVersion = 12.0.31101.0
MinimumVisualStudioVersion = 10.0.40219.1
Project("{FAE04EC0-301F-11D3-BF4B-00C04F79EFBC}") = "Generic List", "Generic List\Generic List.csproj", "{0054E314-E1C4-4A5E-9A24-19EEBEDEE4FE}"
EndProject
Global
	GlobalSection(SolutionConfigurationPlatforms) = preSolution
		Debug|Any CPU = Debug|Any CPU
		Release|Any CPU = Release|Any CPU
	EndGlobalSection
	GlobalSection(ProjectConfigurationPlatforms) = postSolution
		{0054E314-E1C4-4A5E-9A24-19EEBEDEE4FE}.Debug|Any CPU.ActiveCfg = Debug|Any CPU
		{0054E314-E1C4-4A5E-9A24-19EEBEDEE4FE}.Debug|Any CPU.Build.0 = Debug|Any CPU
		{0054E314-E1C4-4A5E-9A24-19EEBEDEE4FE}.Release|Any CPU.ActiveCfg = Release|Any CPU
		{0054E314-E1C4-4A5E-9A24-19EEBEDEE4FE}.Release|Any CPU.Build.0 = Release|Any CPU
	EndGlobalSection
	GlobalSection(SolutionProperties) = preSolution
		HideSolutionNode = FALSE
	EndGlobalSection
EndGlobal
